// !$*UTF8*$!
{
	archiveVersion = 1;
	classes = {
	};
	objectVersion = 56;
	objects = {

/* Begin PBXBuildFile section */
		994FC9A05852A949318FCA75 /* Pods_MessengerApp.framework in Frameworks */ = {isa = PBXBuildFile; fileRef = D7DAA9984F261D8A853B5DAD /* Pods_MessengerApp.framework */; };
		F66BBA3B29705D44001207DA /* AppDelegate.swift in Sources */ = {isa = PBXBuildFile; fileRef = F66BBA3A29705D44001207DA /* AppDelegate.swift */; };
		F66BBA3D29705D44001207DA /* SceneDelegate.swift in Sources */ = {isa = PBXBuildFile; fileRef = F66BBA3C29705D44001207DA /* SceneDelegate.swift */; };
		F66BBA3F29705D44001207DA /* ConversationsViewController.swift in Sources */ = {isa = PBXBuildFile; fileRef = F66BBA3E29705D44001207DA /* ConversationsViewController.swift */; };
		F66BBA4229705D44001207DA /* Main.storyboard in Resources */ = {isa = PBXBuildFile; fileRef = F66BBA4029705D44001207DA /* Main.storyboard */; };
		F66BBA4429705D47001207DA /* Assets.xcassets in Resources */ = {isa = PBXBuildFile; fileRef = F66BBA4329705D47001207DA /* Assets.xcassets */; };
		F66BBA4729705D47001207DA /* LaunchScreen.storyboard in Resources */ = {isa = PBXBuildFile; fileRef = F66BBA4529705D47001207DA /* LaunchScreen.storyboard */; };
		F66BBA5A297061C8001207DA /* LoginViewController.swift in Sources */ = {isa = PBXBuildFile; fileRef = F66BBA59297061C8001207DA /* LoginViewController.swift */; };
		F66BBA5C297061DA001207DA /* RegisterViewController.swift in Sources */ = {isa = PBXBuildFile; fileRef = F66BBA5B297061DA001207DA /* RegisterViewController.swift */; };
		F66BBA5E2970620D001207DA /* PhotoViewerViewController.swift in Sources */ = {isa = PBXBuildFile; fileRef = F66BBA5D2970620D001207DA /* PhotoViewerViewController.swift */; };
		F66BBA6029706232001207DA /* VideoPlayerViewController.swift in Sources */ = {isa = PBXBuildFile; fileRef = F66BBA5F29706232001207DA /* VideoPlayerViewController.swift */; };
		F66BBA622970624E001207DA /* NewConversationViewController.swift in Sources */ = {isa = PBXBuildFile; fileRef = F66BBA612970624E001207DA /* NewConversationViewController.swift */; };
		F66BBA6429706274001207DA /* ProfileViewController.swift in Sources */ = {isa = PBXBuildFile; fileRef = F66BBA6329706274001207DA /* ProfileViewController.swift */; };
		F6A57B5329718DDA0045F014 /* GoogleService-Info.plist in Resources */ = {isa = PBXBuildFile; fileRef = F6A57B5229718DDA0045F014 /* GoogleService-Info.plist */; };
		F6A57B552971AA130045F014 /* DatabaseManager.swift in Sources */ = {isa = PBXBuildFile; fileRef = F6A57B542971AA130045F014 /* DatabaseManager.swift */; };
		F6B395EE29714E550029B3DC /* Extensions.swift in Sources */ = {isa = PBXBuildFile; fileRef = F6B395ED29714E550029B3DC /* Extensions.swift */; };
/* End PBXBuildFile section */

/* Begin PBXFileReference section */
		CCD37E1C4A0E2EBD96B1548C /* Pods-MessengerApp.release.xcconfig */ = {isa = PBXFileReference; includeInIndex = 1; lastKnownFileType = text.xcconfig; name = "Pods-MessengerApp.release.xcconfig"; path = "Target Support Files/Pods-MessengerApp/Pods-MessengerApp.release.xcconfig"; sourceTree = "<group>"; };
		D7DAA9984F261D8A853B5DAD /* Pods_MessengerApp.framework */ = {isa = PBXFileReference; explicitFileType = wrapper.framework; includeInIndex = 0; path = Pods_MessengerApp.framework; sourceTree = BUILT_PRODUCTS_DIR; };
		F302A02A07A4D590F4BF6A3E /* Pods-MessengerApp.debug.xcconfig */ = {isa = PBXFileReference; includeInIndex = 1; lastKnownFileType = text.xcconfig; name = "Pods-MessengerApp.debug.xcconfig"; path = "Target Support Files/Pods-MessengerApp/Pods-MessengerApp.debug.xcconfig"; sourceTree = "<group>"; };
		F66BBA3729705D44001207DA /* MessengerApp.app */ = {isa = PBXFileReference; explicitFileType = wrapper.application; includeInIndex = 0; path = MessengerApp.app; sourceTree = BUILT_PRODUCTS_DIR; };
		F66BBA3A29705D44001207DA /* AppDelegate.swift */ = {isa = PBXFileReference; lastKnownFileType = sourcecode.swift; path = AppDelegate.swift; sourceTree = "<group>"; };
		F66BBA3C29705D44001207DA /* SceneDelegate.swift */ = {isa = PBXFileReference; lastKnownFileType = sourcecode.swift; path = SceneDelegate.swift; sourceTree = "<group>"; };
		F66BBA3E29705D44001207DA /* ConversationsViewController.swift */ = {isa = PBXFileReference; lastKnownFileType = sourcecode.swift; path = ConversationsViewController.swift; sourceTree = "<group>"; };
		F66BBA4129705D44001207DA /* Base */ = {isa = PBXFileReference; lastKnownFileType = file.storyboard; name = Base; path = Base.lproj/Main.storyboard; sourceTree = "<group>"; };
		F66BBA4329705D47001207DA /* Assets.xcassets */ = {isa = PBXFileReference; lastKnownFileType = folder.assetcatalog; path = Assets.xcassets; sourceTree = "<group>"; };
		F66BBA4629705D47001207DA /* Base */ = {isa = PBXFileReference; lastKnownFileType = file.storyboard; name = Base; path = Base.lproj/LaunchScreen.storyboard; sourceTree = "<group>"; };
		F66BBA4829705D47001207DA /* Info.plist */ = {isa = PBXFileReference; lastKnownFileType = text.plist.xml; path = Info.plist; sourceTree = "<group>"; };
		F66BBA59297061C8001207DA /* LoginViewController.swift */ = {isa = PBXFileReference; lastKnownFileType = sourcecode.swift; path = LoginViewController.swift; sourceTree = "<group>"; };
		F66BBA5B297061DA001207DA /* RegisterViewController.swift */ = {isa = PBXFileReference; lastKnownFileType = sourcecode.swift; path = RegisterViewController.swift; sourceTree = "<group>"; };
		F66BBA5D2970620D001207DA /* PhotoViewerViewController.swift */ = {isa = PBXFileReference; lastKnownFileType = sourcecode.swift; path = PhotoViewerViewController.swift; sourceTree = "<group>"; };
		F66BBA5F29706232001207DA /* VideoPlayerViewController.swift */ = {isa = PBXFileReference; lastKnownFileType = sourcecode.swift; path = VideoPlayerViewController.swift; sourceTree = "<group>"; };
		F66BBA612970624E001207DA /* NewConversationViewController.swift */ = {isa = PBXFileReference; lastKnownFileType = sourcecode.swift; path = NewConversationViewController.swift; sourceTree = "<group>"; };
		F66BBA6329706274001207DA /* ProfileViewController.swift */ = {isa = PBXFileReference; lastKnownFileType = sourcecode.swift; path = ProfileViewController.swift; sourceTree = "<group>"; };
		F6A57B5229718DDA0045F014 /* GoogleService-Info.plist */ = {isa = PBXFileReference; fileEncoding = 4; lastKnownFileType = text.plist.xml; name = "GoogleService-Info.plist"; path = "../../../Downloads/GoogleService-Info.plist"; sourceTree = "<group>"; };
		F6A57B542971AA130045F014 /* DatabaseManager.swift */ = {isa = PBXFileReference; lastKnownFileType = sourcecode.swift; path = DatabaseManager.swift; sourceTree = "<group>"; };
		F6B395ED29714E550029B3DC /* Extensions.swift */ = {isa = PBXFileReference; lastKnownFileType = sourcecode.swift; path = Extensions.swift; sourceTree = "<group>"; };
/* End PBXFileReference section */

/* Begin PBXFrameworksBuildPhase section */
		F66BBA3429705D44001207DA /* Frameworks */ = {
			isa = PBXFrameworksBuildPhase;
			buildActionMask = 2147483647;
			files = (
				994FC9A05852A949318FCA75 /* Pods_MessengerApp.framework in Frameworks */,
			);
			runOnlyForDeploymentPostprocessing = 0;
		};
/* End PBXFrameworksBuildPhase section */

/* Begin PBXGroup section */
		1776AF3720279AC9FD62BCC4 /* Frameworks */ = {
			isa = PBXGroup;
			children = (
				D7DAA9984F261D8A853B5DAD /* Pods_MessengerApp.framework */,
			);
			name = Frameworks;
			sourceTree = "<group>";
		};
		844B08CEA5F74BE8727C0A8C /* Pods */ = {
			isa = PBXGroup;
			children = (
				F302A02A07A4D590F4BF6A3E /* Pods-MessengerApp.debug.xcconfig */,
				CCD37E1C4A0E2EBD96B1548C /* Pods-MessengerApp.release.xcconfig */,
			);
			path = Pods;
			sourceTree = "<group>";
		};
		F66BBA2E29705D44001207DA = {
			isa = PBXGroup;
			children = (
				F66BBA3929705D44001207DA /* MessengerApp */,
				F66BBA3829705D44001207DA /* Products */,
				844B08CEA5F74BE8727C0A8C /* Pods */,
				1776AF3720279AC9FD62BCC4 /* Frameworks */,
			);
			sourceTree = "<group>";
		};
		F66BBA3829705D44001207DA /* Products */ = {
			isa = PBXGroup;
			children = (
				F66BBA3729705D44001207DA /* MessengerApp.app */,
			);
			name = Products;
			sourceTree = "<group>";
		};
		F66BBA3929705D44001207DA /* MessengerApp */ = {
			isa = PBXGroup;
			children = (
				F6A57B5229718DDA0045F014 /* GoogleService-Info.plist */,
				F66BBA5729705FF5001207DA /* Resources */,
				F66BBA5529705FD4001207DA /* ViewModels */,
				F66BBA5429705FC6001207DA /* Models */,
				F66BBA5329705FAE001207DA /* Views */,
				F66BBA5229705FA4001207DA /* Controllers */,
				F66BBA4829705D47001207DA /* Info.plist */,
			);
			path = MessengerApp;
			sourceTree = "<group>";
		};
		F66BBA5229705FA4001207DA /* Controllers */ = {
			isa = PBXGroup;
			children = (
				F66BBA3E29705D44001207DA /* ConversationsViewController.swift */,
				F6B395EC297147480029B3DC /* Login */,
				F66BBA5D2970620D001207DA /* PhotoViewerViewController.swift */,
				F66BBA5F29706232001207DA /* VideoPlayerViewController.swift */,
				F66BBA612970624E001207DA /* NewConversationViewController.swift */,
				F66BBA6329706274001207DA /* ProfileViewController.swift */,
			);
			path = Controllers;
			sourceTree = "<group>";
		};
		F66BBA5329705FAE001207DA /* Views */ = {
			isa = PBXGroup;
			children = (
				F66BBA582970605C001207DA /* Storyboards */,
				F66BBA4329705D47001207DA /* Assets.xcassets */,
			);
			path = Views;
			sourceTree = "<group>";
		};
		F66BBA5429705FC6001207DA /* Models */ = {
			isa = PBXGroup;
			children = (
			);
			path = Models;
			sourceTree = "<group>";
		};
		F66BBA5529705FD4001207DA /* ViewModels */ = {
			isa = PBXGroup;
			children = (
			);
			path = ViewModels;
			sourceTree = "<group>";
		};
		F66BBA5729705FF5001207DA /* Resources */ = {
			isa = PBXGroup;
			children = (
				F66BBA3A29705D44001207DA /* AppDelegate.swift */,
				F66BBA3C29705D44001207DA /* SceneDelegate.swift */,
				F6B395ED29714E550029B3DC /* Extensions.swift */,
				F6A57B542971AA130045F014 /* DatabaseManager.swift */,
			);
			path = Resources;
			sourceTree = "<group>";
		};
		F66BBA582970605C001207DA /* Storyboards */ = {
			isa = PBXGroup;
			children = (
				F66BBA4529705D47001207DA /* LaunchScreen.storyboard */,
				F66BBA4029705D44001207DA /* Main.storyboard */,
			);
			path = Storyboards;
			sourceTree = "<group>";
		};
		F6B395EC297147480029B3DC /* Login */ = {
			isa = PBXGroup;
			children = (
				F66BBA59297061C8001207DA /* LoginViewController.swift */,
				F66BBA5B297061DA001207DA /* RegisterViewController.swift */,
			);
			name = Login;
			sourceTree = "<group>";
		};
/* End PBXGroup section */

/* Begin PBXNativeTarget section */
		F66BBA3629705D44001207DA /* MessengerApp */ = {
			isa = PBXNativeTarget;
			buildConfigurationList = F66BBA4B29705D47001207DA /* Build configuration list for PBXNativeTarget "MessengerApp" */;
			buildPhases = (
				A061A4DDBB3D0840E348B8EB /* [CP] Check Pods Manifest.lock */,
				F66BBA3329705D44001207DA /* Sources */,
				F66BBA3429705D44001207DA /* Frameworks */,
				F66BBA3529705D44001207DA /* Resources */,
				75777F411130A1EDF09F28C5 /* [CP] Embed Pods Frameworks */,
			);
			buildRules = (
			);
			dependencies = (
			);
			name = MessengerApp;
			productName = MessengerApp;
			productReference = F66BBA3729705D44001207DA /* MessengerApp.app */;
			productType = "com.apple.product-type.application";
		};
/* End PBXNativeTarget section */

/* Begin PBXProject section */
		F66BBA2F29705D44001207DA /* Project object */ = {
			isa = PBXProject;
			attributes = {
				BuildIndependentTargetsInParallel = 1;
				LastSwiftUpdateCheck = 1410;
				LastUpgradeCheck = 1410;
				TargetAttributes = {
					F66BBA3629705D44001207DA = {
						CreatedOnToolsVersion = 14.1;
					};
				};
			};
			buildConfigurationList = F66BBA3229705D44001207DA /* Build configuration list for PBXProject "MessengerApp" */;
			compatibilityVersion = "Xcode 14.0";
			developmentRegion = en;
			hasScannedForEncodings = 0;
			knownRegions = (
				en,
				Base,
			);
			mainGroup = F66BBA2E29705D44001207DA;
			productRefGroup = F66BBA3829705D44001207DA /* Products */;
			projectDirPath = "";
			projectRoot = "";
			targets = (
				F66BBA3629705D44001207DA /* MessengerApp */,
			);
		};
/* End PBXProject section */

/* Begin PBXResourcesBuildPhase section */
		F66BBA3529705D44001207DA /* Resources */ = {
			isa = PBXResourcesBuildPhase;
			buildActionMask = 2147483647;
			files = (
				F66BBA4729705D47001207DA /* LaunchScreen.storyboard in Resources */,
				F6A57B5329718DDA0045F014 /* GoogleService-Info.plist in Resources */,
				F66BBA4429705D47001207DA /* Assets.xcassets in Resources */,
				F66BBA4229705D44001207DA /* Main.storyboard in Resources */,
			);
			runOnlyForDeploymentPostprocessing = 0;
		};
/* End PBXResourcesBuildPhase section */

/* Begin PBXShellScriptBuildPhase section */
		75777F411130A1EDF09F28C5 /* [CP] Embed Pods Frameworks */ = {
			isa = PBXShellScriptBuildPhase;
			buildActionMask = 2147483647;
			files = (
			);
			inputFileListPaths = (
				"${PODS_ROOT}/Target Support Files/Pods-MessengerApp/Pods-MessengerApp-frameworks-${CONFIGURATION}-input-files.xcfilelist",
			);
			name = "[CP] Embed Pods Frameworks";
			outputFileListPaths = (
				"${PODS_ROOT}/Target Support Files/Pods-MessengerApp/Pods-MessengerApp-frameworks-${CONFIGURATION}-output-files.xcfilelist",
			);
			runOnlyForDeploymentPostprocessing = 0;
			shellPath = /bin/sh;
			shellScript = "\"${PODS_ROOT}/Target Support Files/Pods-MessengerApp/Pods-MessengerApp-frameworks.sh\"\n";
			showEnvVarsInLog = 0;
		};
		A061A4DDBB3D0840E348B8EB /* [CP] Check Pods Manifest.lock */ = {
			isa = PBXShellScriptBuildPhase;
			buildActionMask = 2147483647;
			files = (
			);
			inputFileListPaths = (
			);
			inputPaths = (
				"${PODS_PODFILE_DIR_PATH}/Podfile.lock",
				"${PODS_ROOT}/Manifest.lock",
			);
			name = "[CP] Check Pods Manifest.lock";
			outputFileListPaths = (
			);
			outputPaths = (
				"$(DERIVED_FILE_DIR)/Pods-MessengerApp-checkManifestLockResult.txt",
			);
			runOnlyForDeploymentPostprocessing = 0;
			shellPath = /bin/sh;
			shellScript = "diff \"${PODS_PODFILE_DIR_PATH}/Podfile.lock\" \"${PODS_ROOT}/Manifest.lock\" > /dev/null\nif [ $? != 0 ] ; then\n    # print error to STDERR\n    echo \"error: The sandbox is not in sync with the Podfile.lock. Run 'pod install' or update your CocoaPods installation.\" >&2\n    exit 1\nfi\n# This output is used by Xcode 'outputs' to avoid re-running this script phase.\necho \"SUCCESS\" > \"${SCRIPT_OUTPUT_FILE_0}\"\n";
			showEnvVarsInLog = 0;
		};
/* End PBXShellScriptBuildPhase section */

/* Begin PBXSourcesBuildPhase section */
		F66BBA3329705D44001207DA /* Sources */ = {
			isa = PBXSourcesBuildPhase;
			buildActionMask = 2147483647;
			files = (
				F66BBA5A297061C8001207DA /* LoginViewController.swift in Sources */,
				F6A57B552971AA130045F014 /* DatabaseManager.swift in Sources */,
				F66BBA5C297061DA001207DA /* RegisterViewController.swift in Sources */,
				F66BBA622970624E001207DA /* NewConversationViewController.swift in Sources */,
				F66BBA3F29705D44001207DA /* ConversationsViewController.swift in Sources */,
				F66BBA6029706232001207DA /* VideoPlayerViewController.swift in Sources */,
				F6B395EE29714E550029B3DC /* Extensions.swift in Sources */,
				F66BBA5E2970620D001207DA /* PhotoViewerViewController.swift in Sources */,
				F66BBA6429706274001207DA /* ProfileViewController.swift in Sources */,
				F66BBA3B29705D44001207DA /* AppDelegate.swift in Sources */,
				F66BBA3D29705D44001207DA /* SceneDelegate.swift in Sources */,
			);
			runOnlyForDeploymentPostprocessing = 0;
		};
/* End PBXSourcesBuildPhase section */

/* Begin PBXVariantGroup section */
		F66BBA4029705D44001207DA /* Main.storyboard */ = {
			isa = PBXVariantGroup;
			children = (
				F66BBA4129705D44001207DA /* Base */,
			);
			name = Main.storyboard;
			sourceTree = "<group>";
		};
		F66BBA4529705D47001207DA /* LaunchScreen.storyboard */ = {
			isa = PBXVariantGroup;
			children = (
				F66BBA4629705D47001207DA /* Base */,
			);
			name = LaunchScreen.storyboard;
			sourceTree = "<group>";
		};
/* End PBXVariantGroup section */

/* Begin XCBuildConfiguration section */
		F66BBA4929705D47001207DA /* Debug */ = {
			isa = XCBuildConfiguration;
			buildSettings = {
				ALWAYS_SEARCH_USER_PATHS = NO;
				CLANG_ANALYZER_NONNULL = YES;
				CLANG_ANALYZER_NUMBER_OBJECT_CONVERSION = YES_AGGRESSIVE;
				CLANG_CXX_LANGUAGE_STANDARD = "gnu++20";
				CLANG_ENABLE_MODULES = YES;
				CLANG_ENABLE_OBJC_ARC = YES;
				CLANG_ENABLE_OBJC_WEAK = YES;
				CLANG_WARN_BLOCK_CAPTURE_AUTORELEASING = YES;
				CLANG_WARN_BOOL_CONVERSION = YES;
				CLANG_WARN_COMMA = YES;
				CLANG_WARN_CONSTANT_CONVERSION = YES;
				CLANG_WARN_DEPRECATED_OBJC_IMPLEMENTATIONS = YES;
				CLANG_WARN_DIRECT_OBJC_ISA_USAGE = YES_ERROR;
				CLANG_WARN_DOCUMENTATION_COMMENTS = YES;
				CLANG_WARN_EMPTY_BODY = YES;
				CLANG_WARN_ENUM_CONVERSION = YES;
				CLANG_WARN_INFINITE_RECURSION = YES;
				CLANG_WARN_INT_CONVERSION = YES;
				CLANG_WARN_NON_LITERAL_NULL_CONVERSION = YES;
				CLANG_WARN_OBJC_IMPLICIT_RETAIN_SELF = YES;
				CLANG_WARN_OBJC_LITERAL_CONVERSION = YES;
				CLANG_WARN_OBJC_ROOT_CLASS = YES_ERROR;
				CLANG_WARN_QUOTED_INCLUDE_IN_FRAMEWORK_HEADER = YES;
				CLANG_WARN_RANGE_LOOP_ANALYSIS = YES;
				CLANG_WARN_STRICT_PROTOTYPES = YES;
				CLANG_WARN_SUSPICIOUS_MOVE = YES;
				CLANG_WARN_UNGUARDED_AVAILABILITY = YES_AGGRESSIVE;
				CLANG_WARN_UNREACHABLE_CODE = YES;
				CLANG_WARN__DUPLICATE_METHOD_MATCH = YES;
				COPY_PHASE_STRIP = NO;
				DEBUG_INFORMATION_FORMAT = dwarf;
				ENABLE_STRICT_OBJC_MSGSEND = YES;
				ENABLE_TESTABILITY = YES;
				GCC_C_LANGUAGE_STANDARD = gnu11;
				GCC_DYNAMIC_NO_PIC = NO;
				GCC_NO_COMMON_BLOCKS = YES;
				GCC_OPTIMIZATION_LEVEL = 0;
				GCC_PREPROCESSOR_DEFINITIONS = (
					"DEBUG=1",
					"$(inherited)",
				);
				GCC_WARN_64_TO_32_BIT_CONVERSION = YES;
				GCC_WARN_ABOUT_RETURN_TYPE = YES_ERROR;
				GCC_WARN_UNDECLARED_SELECTOR = YES;
				GCC_WARN_UNINITIALIZED_AUTOS = YES_AGGRESSIVE;
				GCC_WARN_UNUSED_FUNCTION = YES;
				GCC_WARN_UNUSED_VARIABLE = YES;
				IPHONEOS_DEPLOYMENT_TARGET = 16.1;
				MTL_ENABLE_DEBUG_INFO = INCLUDE_SOURCE;
				MTL_FAST_MATH = YES;
				ONLY_ACTIVE_ARCH = YES;
				SDKROOT = iphoneos;
				SWIFT_ACTIVE_COMPILATION_CONDITIONS = DEBUG;
				SWIFT_OPTIMIZATION_LEVEL = "-Onone";
			};
			name = Debug;
		};
		F66BBA4A29705D47001207DA /* Release */ = {
			isa = XCBuildConfiguration;
			buildSettings = {
				ALWAYS_SEARCH_USER_PATHS = NO;
				CLANG_ANALYZER_NONNULL = YES;
				CLANG_ANALYZER_NUMBER_OBJECT_CONVERSION = YES_AGGRESSIVE;
				CLANG_CXX_LANGUAGE_STANDARD = "gnu++20";
				CLANG_ENABLE_MODULES = YES;
				CLANG_ENABLE_OBJC_ARC = YES;
				CLANG_ENABLE_OBJC_WEAK = YES;
				CLANG_WARN_BLOCK_CAPTURE_AUTORELEASING = YES;
				CLANG_WARN_BOOL_CONVERSION = YES;
				CLANG_WARN_COMMA = YES;
				CLANG_WARN_CONSTANT_CONVERSION = YES;
				CLANG_WARN_DEPRECATED_OBJC_IMPLEMENTATIONS = YES;
				CLANG_WARN_DIRECT_OBJC_ISA_USAGE = YES_ERROR;
				CLANG_WARN_DOCUMENTATION_COMMENTS = YES;
				CLANG_WARN_EMPTY_BODY = YES;
				CLANG_WARN_ENUM_CONVERSION = YES;
				CLANG_WARN_INFINITE_RECURSION = YES;
				CLANG_WARN_INT_CONVERSION = YES;
				CLANG_WARN_NON_LITERAL_NULL_CONVERSION = YES;
				CLANG_WARN_OBJC_IMPLICIT_RETAIN_SELF = YES;
				CLANG_WARN_OBJC_LITERAL_CONVERSION = YES;
				CLANG_WARN_OBJC_ROOT_CLASS = YES_ERROR;
				CLANG_WARN_QUOTED_INCLUDE_IN_FRAMEWORK_HEADER = YES;
				CLANG_WARN_RANGE_LOOP_ANALYSIS = YES;
				CLANG_WARN_STRICT_PROTOTYPES = YES;
				CLANG_WARN_SUSPICIOUS_MOVE = YES;
				CLANG_WARN_UNGUARDED_AVAILABILITY = YES_AGGRESSIVE;
				CLANG_WARN_UNREACHABLE_CODE = YES;
				CLANG_WARN__DUPLICATE_METHOD_MATCH = YES;
				COPY_PHASE_STRIP = NO;
				DEBUG_INFORMATION_FORMAT = "dwarf-with-dsym";
				ENABLE_NS_ASSERTIONS = NO;
				ENABLE_STRICT_OBJC_MSGSEND = YES;
				GCC_C_LANGUAGE_STANDARD = gnu11;
				GCC_NO_COMMON_BLOCKS = YES;
				GCC_WARN_64_TO_32_BIT_CONVERSION = YES;
				GCC_WARN_ABOUT_RETURN_TYPE = YES_ERROR;
				GCC_WARN_UNDECLARED_SELECTOR = YES;
				GCC_WARN_UNINITIALIZED_AUTOS = YES_AGGRESSIVE;
				GCC_WARN_UNUSED_FUNCTION = YES;
				GCC_WARN_UNUSED_VARIABLE = YES;
				IPHONEOS_DEPLOYMENT_TARGET = 16.1;
				MTL_ENABLE_DEBUG_INFO = NO;
				MTL_FAST_MATH = YES;
				SDKROOT = iphoneos;
				SWIFT_COMPILATION_MODE = wholemodule;
				SWIFT_OPTIMIZATION_LEVEL = "-O";
				VALIDATE_PRODUCT = YES;
			};
			name = Release;
		};
		F66BBA4C29705D47001207DA /* Debug */ = {
			isa = XCBuildConfiguration;
			baseConfigurationReference = F302A02A07A4D590F4BF6A3E /* Pods-MessengerApp.debug.xcconfig */;
			buildSettings = {
				ASSETCATALOG_COMPILER_APPICON_NAME = AppIcon;
				ASSETCATALOG_COMPILER_GLOBAL_ACCENT_COLOR_NAME = AccentColor;
				CODE_SIGN_STYLE = Automatic;
				CURRENT_PROJECT_VERSION = 1;
				DEVELOPMENT_TEAM = CU6WMV9T48;
				GENERATE_INFOPLIST_FILE = YES;
				INFOPLIST_FILE = MessengerApp/Info.plist;
				INFOPLIST_KEY_UIApplicationSupportsIndirectInputEvents = YES;
				INFOPLIST_KEY_UILaunchStoryboardName = LaunchScreen;
				INFOPLIST_KEY_UIMainStoryboardFile = Main;
				INFOPLIST_KEY_UISupportedInterfaceOrientations = "UIInterfaceOrientationLandscapeLeft UIInterfaceOrientationLandscapeRight UIInterfaceOrientationPortrait";
				INFOPLIST_KEY_UISupportedInterfaceOrientations_iPad = UIInterfaceOrientationPortrait;
				LD_RUNPATH_SEARCH_PATHS = (
					"$(inherited)",
					"@executable_path/Frameworks",
				);
				MARKETING_VERSION = 1.0;
				PRODUCT_BUNDLE_IDENTIFIER = com.ioanchatz.MessengerApp;
				PRODUCT_NAME = "$(TARGET_NAME)";
				SWIFT_EMIT_LOC_STRINGS = YES;
				SWIFT_VERSION = 5.0;
				TARGETED_DEVICE_FAMILY = "1,2";
			};
			name = Debug;
		};
		F66BBA4D29705D47001207DA /* Release */ = {
			isa = XCBuildConfiguration;
			baseConfigurationReference = CCD37E1C4A0E2EBD96B1548C /* Pods-MessengerApp.release.xcconfig */;
			buildSettings = {
				ASSETCATALOG_COMPILER_APPICON_NAME = AppIcon;
				ASSETCATALOG_COMPILER_GLOBAL_ACCENT_COLOR_NAME = AccentColor;
				CODE_SIGN_STYLE = Automatic;
				CURRENT_PROJECT_VERSION = 1;
				DEVELOPMENT_TEAM = CU6WMV9T48;
				GENERATE_INFOPLIST_FILE = YES;
				INFOPLIST_FILE = MessengerApp/Info.plist;
				INFOPLIST_KEY_UIApplicationSupportsIndirectInputEvents = YES;
				INFOPLIST_KEY_UILaunchStoryboardName = LaunchScreen;
				INFOPLIST_KEY_UIMainStoryboardFile = Main;
				INFOPLIST_KEY_UISupportedInterfaceOrientations = "UIInterfaceOrientationLandscapeLeft UIInterfaceOrientationLandscapeRight UIInterfaceOrientationPortrait";
				INFOPLIST_KEY_UISupportedInterfaceOrientations_iPad = UIInterfaceOrientationPortrait;
				LD_RUNPATH_SEARCH_PATHS = (
					"$(inherited)",
					"@executable_path/Frameworks",
				);
				MARKETING_VERSION = 1.0;
				PRODUCT_BUNDLE_IDENTIFIER = com.ioanchatz.MessengerApp;
				PRODUCT_NAME = "$(TARGET_NAME)";
				SWIFT_EMIT_LOC_STRINGS = YES;
				SWIFT_VERSION = 5.0;
				TARGETED_DEVICE_FAMILY = "1,2";
			};
			name = Release;
		};
/* End XCBuildConfiguration section */

/* Begin XCConfigurationList section */
		F66BBA3229705D44001207DA /* Build configuration list for PBXProject "MessengerApp" */ = {
			isa = XCConfigurationList;
			buildConfigurations = (
				F66BBA4929705D47001207DA /* Debug */,
				F66BBA4A29705D47001207DA /* Release */,
			);
			defaultConfigurationIsVisible = 0;
			defaultConfigurationName = Release;
		};
		F66BBA4B29705D47001207DA /* Build configuration list for PBXNativeTarget "MessengerApp" */ = {
			isa = XCConfigurationList;
			buildConfigurations = (
				F66BBA4C29705D47001207DA /* Debug */,
				F66BBA4D29705D47001207DA /* Release */,
			);
			defaultConfigurationIsVisible = 0;
			defaultConfigurationName = Release;
		};
/* End XCConfigurationList section */
	};
	rootObject = F66BBA2F29705D44001207DA /* Project object */;
}
